Microsoft Visual Studio Solution File, Format Version 12.00
# Visual Studio Version 17
VisualStudioVersion = 17.13.35825.156
MinimumVisualStudioVersion = 10.0.40219.1
Project("{8BC9CEB8-8B4A-11D0-8D11-00A0C91BC942}") = "Mini Bank System", "Mini Bank System.vcxproj", "{C51FB305-84EA-48A9-B656-B46CF352958B}"
EndProject
Global
	GlobalSection(SolutionConfigurationPlatforms) = preSolution
		Debug|x64 = Debug|x64
		Debug|x86 = Debug|x86
		Release|x64 = Release|x64
		Release|x86 = Release|x86
	EndGlobalSection
	GlobalSection(ProjectConfigurationPlatforms) = postSolution
		{C51FB305-84EA-48A9-B656-B46CF352958B}.Debug|x64.ActiveCfg = Debug|x64
		{C51FB305-84EA-48A9-B656-B46CF352958B}.Debug|x64.Build.0 = Debug|x64
		{C51FB305-84EA-48A9-B656-B46CF352958B}.Debug|x86.ActiveCfg = Debug|Win32
		{C51FB305-84EA-48A9-B656-B46CF352958B}.Debug|x86.Build.0 = Debug|Win32
		{C51FB305-84EA-48A9-B656-B46CF352958B}.Release|x64.ActiveCfg = Release|x64
		{C51FB305-84EA-48A9-B656-B46CF352958B}.Release|x64.Build.0 = Release|x64
		{C51FB305-84EA-48A9-B656-B46CF352958B}.Release|x86.ActiveCfg = Release|Win32
		{C51FB305-84EA-48A9-B656-B46CF352958B}.Release|x86.Build.0 = Release|Win32
	EndGlobalSection
	GlobalSection(SolutionProperties) = preSolution
		HideSolutionNode = FALSE
	EndGlobalSection
	GlobalSection(ExtensibilityGlobals) = postSolution
		SolutionGuid = {90CCCBC8-1D48-4FA3-9A1C-77255D33939A}
	EndGlobalSection
EndGlobal
